// !$*UTF8*$!
{
	archiveVersion = 1;
	classes = {
	};
	objectVersion = 46;
	objects = {

/* Begin PBXBuildFile section */
		18C51EE51C9110F400D422E3 /* main.m in Sources */ = {isa = PBXBuildFile; fileRef = 18C51EE41C9110F400D422E3 /* main.m */; };
		18C51EE81C9110F400D422E3 /* AppDelegate.m in Sources */ = {isa = PBXBuildFile; fileRef = 18C51EE71C9110F400D422E3 /* AppDelegate.m */; };
		18C51EEB1C9110F400D422E3 /* ViewController.m in Sources */ = {isa = PBXBuildFile; fileRef = 18C51EEA1C9110F400D422E3 /* ViewController.m */; };
		18C51EEE1C9110F400D422E3 /* Main.storyboard in Resources */ = {isa = PBXBuildFile; fileRef = 18C51EEC1C9110F400D422E3 /* Main.storyboard */; };
		18C51EF01C9110F400D422E3 /* Assets.xcassets in Resources */ = {isa = PBXBuildFile; fileRef = 18C51EEF1C9110F400D422E3 /* Assets.xcassets */; };
		18C51EF31C9110F400D422E3 /* LaunchScreen.storyboard in Resources */ = {isa = PBXBuildFile; fileRef = 18C51EF11C9110F400D422E3 /* LaunchScreen.storyboard */; };
		18C51EFE1C9110F500D422E3 /* AcdseeImageTests.m in Sources */ = {isa = PBXBuildFile; fileRef = 18C51EFD1C9110F500D422E3 /* AcdseeImageTests.m */; };
		18C51F091C9110F500D422E3 /* AcdseeImageUITests.m in Sources */ = {isa = PBXBuildFile; fileRef = 18C51F081C9110F500D422E3 /* AcdseeImageUITests.m */; };
		42C01765BABBFA59365C30FD /* Pods_AcdseeImageTests.framework in Frameworks */ = {isa = PBXBuildFile; fileRef = 4382F8A955971F0A38D209F4 /* Pods_AcdseeImageTests.framework */; };
		728B35438221648F53EA8C16 /* Pods_AcdseeImage_AcdseeImageUITests.framework in Frameworks */ = {isa = PBXBuildFile; fileRef = 239C4BE1D1A75C4E618C9191 /* Pods_AcdseeImage_AcdseeImageUITests.framework */; };
		A74577FD42484B097A7CBC37 /* Pods_AcdseeImage.framework in Frameworks */ = {isa = PBXBuildFile; fileRef = 3D3AB407FE0213BBE700FD79 /* Pods_AcdseeImage.framework */; };
		DB63E99825B8017700D3FD9D /* LZScrollView.m in Sources */ = {isa = PBXBuildFile; fileRef = DB63E99625B8017700D3FD9D /* LZScrollView.m */; };
		DB63E99925B8017700D3FD9D /* ImgScrllView.m in Sources */ = {isa = PBXBuildFile; fileRef = DB63E99725B8017700D3FD9D /* ImgScrllView.m */; };
/* End PBXBuildFile section */

/* Begin PBXContainerItemProxy section */
		18C51EFA1C9110F400D422E3 /* PBXContainerItemProxy */ = {
			isa = PBXContainerItemProxy;
			containerPortal = 18C51ED81C9110F400D422E3 /* Project object */;
			proxyType = 1;
			remoteGlobalIDString = 18C51EDF1C9110F400D422E3;
			remoteInfo = AcdseeImage;
		};
		18C51F051C9110F500D422E3 /* PBXContainerItemProxy */ = {
			isa = PBXContainerItemProxy;
			containerPortal = 18C51ED81C9110F400D422E3 /* Project object */;
			proxyType = 1;
			remoteGlobalIDString = 18C51EDF1C9110F400D422E3;
			remoteInfo = AcdseeImage;
		};
/* End PBXContainerItemProxy section */

/* Begin PBXFileReference section */
		18468271A6DF28BE83773E50 /* Pods-AcdseeImage.release.xcconfig */ = {isa = PBXFileReference; includeInIndex = 1; lastKnownFileType = text.xcconfig; name = "Pods-AcdseeImage.release.xcconfig"; path = "Target Support Files/Pods-AcdseeImage/Pods-AcdseeImage.release.xcconfig"; sourceTree = "<group>"; };
		18C51EE01C9110F400D422E3 /* AcdseeImage.app */ = {isa = PBXFileReference; explicitFileType = wrapper.application; includeInIndex = 0; path = AcdseeImage.app; sourceTree = BUILT_PRODUCTS_DIR; };
		18C51EE41C9110F400D422E3 /* main.m */ = {isa = PBXFileReference; lastKnownFileType = sourcecode.c.objc; path = main.m; sourceTree = "<group>"; };
		18C51EE61C9110F400D422E3 /* AppDelegate.h */ = {isa = PBXFileReference; lastKnownFileType = sourcecode.c.h; path = AppDelegate.h; sourceTree = "<group>"; };
		18C51EE71C9110F400D422E3 /* AppDelegate.m */ = {isa = PBXFileReference; lastKnownFileType = sourcecode.c.objc; path = AppDelegate.m; sourceTree = "<group>"; };
		18C51EE91C9110F400D422E3 /* ViewController.h */ = {isa = PBXFileReference; lastKnownFileType = sourcecode.c.h; path = ViewController.h; sourceTree = "<group>"; };
		18C51EEA1C9110F400D422E3 /* ViewController.m */ = {isa = PBXFileReference; lastKnownFileType = sourcecode.c.objc; path = ViewController.m; sourceTree = "<group>"; };
		18C51EED1C9110F400D422E3 /* Base */ = {isa = PBXFileReference; lastKnownFileType = file.storyboard; name = Base; path = Base.lproj/Main.storyboard; sourceTree = "<group>"; };
		18C51EEF1C9110F400D422E3 /* Assets.xcassets */ = {isa = PBXFileReference; lastKnownFileType = folder.assetcatalog; path = Assets.xcassets; sourceTree = "<group>"; };
		18C51EF21C9110F400D422E3 /* Base */ = {isa = PBXFileReference; lastKnownFileType = file.storyboard; name = Base; path = Base.lproj/LaunchScreen.storyboard; sourceTree = "<group>"; };
		18C51EF41C9110F400D422E3 /* Info.plist */ = {isa = PBXFileReference; lastKnownFileType = text.plist.xml; path = Info.plist; sourceTree = "<group>"; };
		18C51EF91C9110F400D422E3 /* AcdseeImageTests.xctest */ = {isa = PBXFileReference; explicitFileType = wrapper.cfbundle; includeInIndex = 0; path = AcdseeImageTests.xctest; sourceTree = BUILT_PRODUCTS_DIR; };
		18C51EFD1C9110F500D422E3 /* AcdseeImageTests.m */ = {isa = PBXFileReference; lastKnownFileType = sourcecode.c.objc; path = AcdseeImageTests.m; sourceTree = "<group>"; };
		18C51EFF1C9110F500D422E3 /* Info.plist */ = {isa = PBXFileReference; lastKnownFileType = text.plist.xml; path = Info.plist; sourceTree = "<group>"; };
		18C51F041C9110F500D422E3 /* AcdseeImageUITests.xctest */ = {isa = PBXFileReference; explicitFileType = wrapper.cfbundle; includeInIndex = 0; path = AcdseeImageUITests.xctest; sourceTree = BUILT_PRODUCTS_DIR; };
		18C51F081C9110F500D422E3 /* AcdseeImageUITests.m */ = {isa = PBXFileReference; lastKnownFileType = sourcecode.c.objc; path = AcdseeImageUITests.m; sourceTree = "<group>"; };
		18C51F0A1C9110F500D422E3 /* Info.plist */ = {isa = PBXFileReference; lastKnownFileType = text.plist.xml; path = Info.plist; sourceTree = "<group>"; };
		239C4BE1D1A75C4E618C9191 /* Pods_AcdseeImage_AcdseeImageUITests.framework */ = {isa = PBXFileReference; explicitFileType = wrapper.framework; includeInIndex = 0; path = Pods_AcdseeImage_AcdseeImageUITests.framework; sourceTree = BUILT_PRODUCTS_DIR; };
		3D3AB407FE0213BBE700FD79 /* Pods_AcdseeImage.framework */ = {isa = PBXFileReference; explicitFileType = wrapper.framework; includeInIndex = 0; path = Pods_AcdseeImage.framework; sourceTree = BUILT_PRODUCTS_DIR; };
		4382F8A955971F0A38D209F4 /* Pods_AcdseeImageTests.framework */ = {isa = PBXFileReference; explicitFileType = wrapper.framework; includeInIndex = 0; path = Pods_AcdseeImageTests.framework; sourceTree = BUILT_PRODUCTS_DIR; };
		47310AB7FA445164366289CD /* Pods-AcdseeImage-AcdseeImageUITests.release.xcconfig */ = {isa = PBXFileReference; includeInIndex = 1; lastKnownFileType = text.xcconfig; name = "Pods-AcdseeImage-AcdseeImageUITests.release.xcconfig"; path = "Target Support Files/Pods-AcdseeImage-AcdseeImageUITests/Pods-AcdseeImage-AcdseeImageUITests.release.xcconfig"; sourceTree = "<group>"; };
		8E5FF7B13572FB537F30A1EC /* Pods-AcdseeImageTests.debug.xcconfig */ = {isa = PBXFileReference; includeInIndex = 1; lastKnownFileType = text.xcconfig; name = "Pods-AcdseeImageTests.debug.xcconfig"; path = "Target Support Files/Pods-AcdseeImageTests/Pods-AcdseeImageTests.debug.xcconfig"; sourceTree = "<group>"; };
		B5FF760985C004493264E356 /* Pods-AcdseeImage.debug.xcconfig */ = {isa = PBXFileReference; includeInIndex = 1; lastKnownFileType = text.xcconfig; name = "Pods-AcdseeImage.debug.xcconfig"; path = "Target Support Files/Pods-AcdseeImage/Pods-AcdseeImage.debug.xcconfig"; sourceTree = "<group>"; };
		BE467ED7E670E8398A824ADE /* Pods-AcdseeImage-AcdseeImageUITests.debug.xcconfig */ = {isa = PBXFileReference; includeInIndex = 1; lastKnownFileType = text.xcconfig; name = "Pods-AcdseeImage-AcdseeImageUITests.debug.xcconfig"; path = "Target Support Files/Pods-AcdseeImage-AcdseeImageUITests/Pods-AcdseeImage-AcdseeImageUITests.debug.xcconfig"; sourceTree = "<group>"; };
		DA9E1012B9D985DBEE1AC521 /* Pods-AcdseeImageTests.release.xcconfig */ = {isa = PBXFileReference; includeInIndex = 1; lastKnownFileType = text.xcconfig; name = "Pods-AcdseeImageTests.release.xcconfig"; path = "Target Support Files/Pods-AcdseeImageTests/Pods-AcdseeImageTests.release.xcconfig"; sourceTree = "<group>"; };
		DB63E99425B8017700D3FD9D /* ImgScrllView.h */ = {isa = PBXFileReference; fileEncoding = 4; lastKnownFileType = sourcecode.c.h; path = ImgScrllView.h; sourceTree = "<group>"; };
		DB63E99525B8017700D3FD9D /* LZScrollView.h */ = {isa = PBXFileReference; fileEncoding = 4; lastKnownFileType = sourcecode.c.h; path = LZScrollView.h; sourceTree = "<group>"; };
		DB63E99625B8017700D3FD9D /* LZScrollView.m */ = {isa = PBXFileReference; fileEncoding = 4; lastKnownFileType = sourcecode.c.objc; path = LZScrollView.m; sourceTree = "<group>"; };
		DB63E99725B8017700D3FD9D /* ImgScrllView.m */ = {isa = PBXFileReference; fileEncoding = 4; lastKnownFileType = sourcecode.c.objc; path = ImgScrllView.m; sourceTree = "<group>"; };
/* End PBXFileReference section */

/* Begin PBXFrameworksBuildPhase section */
		18C51EDD1C9110F400D422E3 /* Frameworks */ = {
			isa = PBXFrameworksBuildPhase;
			buildActionMask = 2147483647;
			files = (
				A74577FD42484B097A7CBC37 /* Pods_AcdseeImage.framework in Frameworks */,
			);
			runOnlyForDeploymentPostprocessing = 0;
		};
		18C51EF61C9110F400D422E3 /* Frameworks */ = {
			isa = PBXFrameworksBuildPhase;
			buildActionMask = 2147483647;
			files = (
				42C01765BABBFA59365C30FD /* Pods_AcdseeImageTests.framework in Frameworks */,
			);
			runOnlyForDeploymentPostprocessing = 0;
		};
		18C51F011C9110F500D422E3 /* Frameworks */ = {
			isa = PBXFrameworksBuildPhase;
			buildActionMask = 2147483647;
			files = (
				728B35438221648F53EA8C16 /* Pods_AcdseeImage_AcdseeImageUITests.framework in Frameworks */,
			);
			runOnlyForDeploymentPostprocessing = 0;
		};
/* End PBXFrameworksBuildPhase section */

/* Begin PBXGroup section */
		18C51ED71C9110F400D422E3 = {
			isa = PBXGroup;
			children = (
				18C51EE21C9110F400D422E3 /* AcdseeImage */,
				18C51EFC1C9110F400D422E3 /* AcdseeImageTests */,
				18C51F071C9110F500D422E3 /* AcdseeImageUITests */,
				18C51EE11C9110F400D422E3 /* Products */,
				512A463B74F30C501EFDF4B5 /* Pods */,
				AE8444D79E101BFAD486C487 /* Frameworks */,
			);
			sourceTree = "<group>";
		};
		18C51EE11C9110F400D422E3 /* Products */ = {
			isa = PBXGroup;
			children = (
				18C51EE01C9110F400D422E3 /* AcdseeImage.app */,
				18C51EF91C9110F400D422E3 /* AcdseeImageTests.xctest */,
				18C51F041C9110F500D422E3 /* AcdseeImageUITests.xctest */,
			);
			name = Products;
			sourceTree = "<group>";
		};
		18C51EE21C9110F400D422E3 /* AcdseeImage */ = {
			isa = PBXGroup;
			children = (
				DB63E99325B8017700D3FD9D /* AcdseeImage */,
				18C51EE61C9110F400D422E3 /* AppDelegate.h */,
				18C51EE71C9110F400D422E3 /* AppDelegate.m */,
				18C51EE91C9110F400D422E3 /* ViewController.h */,
				18C51EEA1C9110F400D422E3 /* ViewController.m */,
				18C51EEC1C9110F400D422E3 /* Main.storyboard */,
				18C51EEF1C9110F400D422E3 /* Assets.xcassets */,
				18C51EF11C9110F400D422E3 /* LaunchScreen.storyboard */,
				18C51EF41C9110F400D422E3 /* Info.plist */,
				18C51EE31C9110F400D422E3 /* Supporting Files */,
			);
			path = AcdseeImage;
			sourceTree = "<group>";
		};
		18C51EE31C9110F400D422E3 /* Supporting Files */ = {
			isa = PBXGroup;
			children = (
				18C51EE41C9110F400D422E3 /* main.m */,
			);
			name = "Supporting Files";
			sourceTree = "<group>";
		};
		18C51EFC1C9110F400D422E3 /* AcdseeImageTests */ = {
			isa = PBXGroup;
			children = (
				18C51EFD1C9110F500D422E3 /* AcdseeImageTests.m */,
				18C51EFF1C9110F500D422E3 /* Info.plist */,
			);
			path = AcdseeImageTests;
			sourceTree = "<group>";
		};
		18C51F071C9110F500D422E3 /* AcdseeImageUITests */ = {
			isa = PBXGroup;
			children = (
				18C51F081C9110F500D422E3 /* AcdseeImageUITests.m */,
				18C51F0A1C9110F500D422E3 /* Info.plist */,
			);
			path = AcdseeImageUITests;
			sourceTree = "<group>";
		};
		512A463B74F30C501EFDF4B5 /* Pods */ = {
			isa = PBXGroup;
			children = (
				B5FF760985C004493264E356 /* Pods-AcdseeImage.debug.xcconfig */,
				18468271A6DF28BE83773E50 /* Pods-AcdseeImage.release.xcconfig */,
				BE467ED7E670E8398A824ADE /* Pods-AcdseeImage-AcdseeImageUITests.debug.xcconfig */,
				47310AB7FA445164366289CD /* Pods-AcdseeImage-AcdseeImageUITests.release.xcconfig */,
				8E5FF7B13572FB537F30A1EC /* Pods-AcdseeImageTests.debug.xcconfig */,
				DA9E1012B9D985DBEE1AC521 /* Pods-AcdseeImageTests.release.xcconfig */,
			);
			path = Pods;
			sourceTree = "<group>";
		};
		AE8444D79E101BFAD486C487 /* Frameworks */ = {
			isa = PBXGroup;
			children = (
				3D3AB407FE0213BBE700FD79 /* Pods_AcdseeImage.framework */,
				239C4BE1D1A75C4E618C9191 /* Pods_AcdseeImage_AcdseeImageUITests.framework */,
				4382F8A955971F0A38D209F4 /* Pods_AcdseeImageTests.framework */,
			);
			name = Frameworks;
			sourceTree = "<group>";
		};
		DB63E99325B8017700D3FD9D /* AcdseeImage */ = {
			isa = PBXGroup;
			children = (
				DB63E99425B8017700D3FD9D /* ImgScrllView.h */,
				DB63E99525B8017700D3FD9D /* LZScrollView.h */,
				DB63E99625B8017700D3FD9D /* LZScrollView.m */,
				DB63E99725B8017700D3FD9D /* ImgScrllView.m */,
			);
			path = AcdseeImage;
			sourceTree = "<group>";
		};
/* End PBXGroup section */

/* Begin PBXNativeTarget section */
		18C51EDF1C9110F400D422E3 /* AcdseeImage */ = {
			isa = PBXNativeTarget;
			buildConfigurationList = 18C51F0D1C9110F500D422E3 /* Build configuration list for PBXNativeTarget "AcdseeImage" */;
			buildPhases = (
				6CA6BFFC05F51042A8DFE92D /* [CP] Check Pods Manifest.lock */,
				18C51EDC1C9110F400D422E3 /* Sources */,
				18C51EDD1C9110F400D422E3 /* Frameworks */,
				18C51EDE1C9110F400D422E3 /* Resources */,
				D92BC4DB8256C77C8B2A4A35 /* [CP] Embed Pods Frameworks */,
			);
			buildRules = (
			);
			dependencies = (
			);
			name = AcdseeImage;
			productName = AcdseeImage;
			productReference = 18C51EE01C9110F400D422E3 /* AcdseeImage.app */;
			productType = "com.apple.product-type.application";
		};
		18C51EF81C9110F400D422E3 /* AcdseeImageTests */ = {
			isa = PBXNativeTarget;
			buildConfigurationList = 18C51F101C9110F500D422E3 /* Build configuration list for PBXNativeTarget "AcdseeImageTests" */;
			buildPhases = (
				68396F8A5AB8D741631A4D38 /* [CP] Check Pods Manifest.lock */,
				18C51EF51C9110F400D422E3 /* Sources */,
				18C51EF61C9110F400D422E3 /* Frameworks */,
				18C51EF71C9110F400D422E3 /* Resources */,
			);
			buildRules = (
			);
			dependencies = (
				18C51EFB1C9110F400D422E3 /* PBXTargetDependency */,
			);
			name = AcdseeImageTests;
			productName = AcdseeImageTests;
			productReference = 18C51EF91C9110F400D422E3 /* AcdseeImageTests.xctest */;
			productType = "com.apple.product-type.bundle.unit-test";
		};
		18C51F031C9110F500D422E3 /* AcdseeImageUITests */ = {
			isa = PBXNativeTarget;
			buildConfigurationList = 18C51F131C9110F500D422E3 /* Build configuration list for PBXNativeTarget "AcdseeImageUITests" */;
			buildPhases = (
				91B3A49F9495ED2E11A79950 /* [CP] Check Pods Manifest.lock */,
				18C51F001C9110F500D422E3 /* Sources */,
				18C51F011C9110F500D422E3 /* Frameworks */,
				18C51F021C9110F500D422E3 /* Resources */,
				2FF3CC6A22F7367E8F62D5CC /* [CP] Embed Pods Frameworks */,
			);
			buildRules = (
			);
			dependencies = (
				18C51F061C9110F500D422E3 /* PBXTargetDependency */,
			);
			name = AcdseeImageUITests;
			productName = AcdseeImageUITests;
			productReference = 18C51F041C9110F500D422E3 /* AcdseeImageUITests.xctest */;
			productType = "com.apple.product-type.bundle.ui-testing";
		};
/* End PBXNativeTarget section */

/* Begin PBXProject section */
		18C51ED81C9110F400D422E3 /* Project object */ = {
			isa = PBXProject;
			attributes = {
				LastUpgradeCheck = 0720;
				ORGANIZATIONNAME = MDJ;
				TargetAttributes = {
					18C51EDF1C9110F400D422E3 = {
						CreatedOnToolsVersion = 7.2;
						DevelopmentTeam = HSYMQ84Q94;
					};
					18C51EF81C9110F400D422E3 = {
						CreatedOnToolsVersion = 7.2;
						TestTargetID = 18C51EDF1C9110F400D422E3;
					};
					18C51F031C9110F500D422E3 = {
						CreatedOnToolsVersion = 7.2;
						TestTargetID = 18C51EDF1C9110F400D422E3;
					};
				};
			};
			buildConfigurationList = 18C51EDB1C9110F400D422E3 /* Build configuration list for PBXProject "AcdseeImage" */;
			compatibilityVersion = "Xcode 3.2";
			developmentRegion = English;
			hasScannedForEncodings = 0;
			knownRegions = (
				English,
				en,
				Base,
			);
			mainGroup = 18C51ED71C9110F400D422E3;
			productRefGroup = 18C51EE11C9110F400D422E3 /* Products */;
			projectDirPath = "";
			projectRoot = "";
			targets = (
				18C51EDF1C9110F400D422E3 /* AcdseeImage */,
				18C51EF81C9110F400D422E3 /* AcdseeImageTests */,
				18C51F031C9110F500D422E3 /* AcdseeImageUITests */,
			);
		};
/* End PBXProject section */

/* Begin PBXResourcesBuildPhase section */
		18C51EDE1C9110F400D422E3 /* Resources */ = {
			isa = PBXResourcesBuildPhase;
			buildActionMask = 2147483647;
			files = (
				18C51EF31C9110F400D422E3 /* LaunchScreen.storyboard in Resources */,
				18C51EF01C9110F400D422E3 /* Assets.xcassets in Resources */,
				18C51EEE1C9110F400D422E3 /* Main.storyboard in Resources */,
			);
			runOnlyForDeploymentPostprocessing = 0;
		};
		18C51EF71C9110F400D422E3 /* Resources */ = {
			isa = PBXResourcesBuildPhase;
			buildActionMask = 2147483647;
			files = (
			);
			runOnlyForDeploymentPostprocessing = 0;
		};
		18C51F021C9110F500D422E3 /* Resources */ = {
			isa = PBXResourcesBuildPhase;
			buildActionMask = 2147483647;
			files = (
			);
			runOnlyForDeploymentPostprocessing = 0;
		};
/* End PBXResourcesBuildPhase section */

/* Begin PBXShellScriptBuildPhase section */
		2FF3CC6A22F7367E8F62D5CC /* [CP] Embed Pods Frameworks */ = {
			isa = PBXShellScriptBuildPhase;
			buildActionMask = 2147483647;
			files = (
			);
			inputPaths = (
				"${PODS_ROOT}/Target Support Files/Pods-AcdseeImage-AcdseeImageUITests/Pods-AcdseeImage-AcdseeImageUITests-frameworks.sh",
				"${BUILT_PRODUCTS_DIR}/SDWebImage/SDWebImage.framework",
			);
			name = "[CP] Embed Pods Frameworks";
			outputPaths = (
				"${TARGET_BUILD_DIR}/${FRAMEWORKS_FOLDER_PATH}/SDWebImage.framework",
			);
			runOnlyForDeploymentPostprocessing = 0;
			shellPath = /bin/sh;
			shellScript = "\"${PODS_ROOT}/Target Support Files/Pods-AcdseeImage-AcdseeImageUITests/Pods-AcdseeImage-AcdseeImageUITests-frameworks.sh\"\n";
			showEnvVarsInLog = 0;
		};
		68396F8A5AB8D741631A4D38 /* [CP] Check Pods Manifest.lock */ = {
			isa = PBXShellScriptBuildPhase;
			buildActionMask = 2147483647;
			files = (
			);
			inputFileListPaths = (
			);
			inputPaths = (
				"${PODS_PODFILE_DIR_PATH}/Podfile.lock",
				"${PODS_ROOT}/Manifest.lock",
			);
			name = "[CP] Check Pods Manifest.lock";
			outputFileListPaths = (
			);
			outputPaths = (
				"$(DERIVED_FILE_DIR)/Pods-AcdseeImageTests-checkManifestLockResult.txt",
			);
			runOnlyForDeploymentPostprocessing = 0;
			shellPath = /bin/sh;
			shellScript = "diff \"${PODS_PODFILE_DIR_PATH}/Podfile.lock\" \"${PODS_ROOT}/Manifest.lock\" > /dev/null\nif [ $? != 0 ] ; then\n    # print error to STDERR\n    echo \"error: The sandbox is not in sync with the Podfile.lock. Run 'pod install' or update your CocoaPods installation.\" >&2\n    exit 1\nfi\n# This output is used by Xcode 'outputs' to avoid re-running this script phase.\necho \"SUCCESS\" > \"${SCRIPT_OUTPUT_FILE_0}\"\n";
			showEnvVarsInLog = 0;
		};
		6CA6BFFC05F51042A8DFE92D /* [CP] Check Pods Manifest.lock */ = {
			isa = PBXShellScriptBuildPhase;
			buildActionMask = 2147483647;
			files = (
			);
			inputFileListPaths = (
			);
			inputPaths = (
				"${PODS_PODFILE_DIR_PATH}/Podfile.lock",
				"${PODS_ROOT}/Manifest.lock",
			);
			name = "[CP] Check Pods Manifest.lock";
			outputFileListPaths = (
			);
			outputPaths = (
				"$(DERIVED_FILE_DIR)/Pods-AcdseeImage-checkManifestLockResult.txt",
			);
			runOnlyForDeploymentPostprocessing = 0;
			shellPath = /bin/sh;
			shellScript = "diff \"${PODS_PODFILE_DIR_PATH}/Podfile.lock\" \"${PODS_ROOT}/Manifest.lock\" > /dev/null\nif [ $? != 0 ] ; then\n    # print error to STDERR\n    echo \"error: The sandbox is not in sync with the Podfile.lock. Run 'pod install' or update your CocoaPods installation.\" >&2\n    exit 1\nfi\n# This output is used by Xcode 'outputs' to avoid re-running this script phase.\necho \"SUCCESS\" > \"${SCRIPT_OUTPUT_FILE_0}\"\n";
			showEnvVarsInLog = 0;
		};
		91B3A49F9495ED2E11A79950 /* [CP] Check Pods Manifest.lock */ = {
			isa = PBXShellScriptBuildPhase;
			buildActionMask = 2147483647;
			files = (
			);
			inputFileListPaths = (
			);
			inputPaths = (
				"${PODS_PODFILE_DIR_PATH}/Podfile.lock",
				"${PODS_ROOT}/Manifest.lock",
			);
			name = "[CP] Check Pods Manifest.lock";
			outputFileListPaths = (
			);
			outputPaths = (
				"$(DERIVED_FILE_DIR)/Pods-AcdseeImage-AcdseeImageUITests-checkManifestLockResult.txt",
			);
			runOnlyForDeploymentPostprocessing = 0;
			shellPath = /bin/sh;
			shellScript = "diff \"${PODS_PODFILE_DIR_PATH}/Podfile.lock\" \"${PODS_ROOT}/Manifest.lock\" > /dev/null\nif [ $? != 0 ] ; then\n    # print error to STDERR\n    echo \"error: The sandbox is not in sync with the Podfile.lock. Run 'pod install' or update your CocoaPods installation.\" >&2\n    exit 1\nfi\n# This output is used by Xcode 'outputs' to avoid re-running this script phase.\necho \"SUCCESS\" > \"${SCRIPT_OUTPUT_FILE_0}\"\n";
			showEnvVarsInLog = 0;
		};
		D92BC4DB8256C77C8B2A4A35 /* [CP] Embed Pods Frameworks */ = {
			isa = PBXShellScriptBuildPhase;
			buildActionMask = 2147483647;
			files = (
			);
			inputPaths = (
				"${PODS_ROOT}/Target Support Files/Pods-AcdseeImage/Pods-AcdseeImage-frameworks.sh",
				"${BUILT_PRODUCTS_DIR}/SDWebImage/SDWebImage.framework",
			);
			name = "[CP] Embed Pods Frameworks";
			outputPaths = (
				"${TARGET_BUILD_DIR}/${FRAMEWORKS_FOLDER_PATH}/SDWebImage.framework",
			);
			runOnlyForDeploymentPostprocessing = 0;
			shellPath = /bin/sh;
			shellScript = "\"${PODS_ROOT}/Target Support Files/Pods-AcdseeImage/Pods-AcdseeImage-frameworks.sh\"\n";
			showEnvVarsInLog = 0;
		};
/* End PBXShellScriptBuildPhase section */

/* Begin PBXSourcesBuildPhase section */
		18C51EDC1C9110F400D422E3 /* Sources */ = {
			isa = PBXSourcesBuildPhase;
			buildActionMask = 2147483647;
			files = (
				18C51EEB1C9110F400D422E3 /* ViewController.m in Sources */,
				DB63E99925B8017700D3FD9D /* ImgScrllView.m in Sources */,
				DB63E99825B8017700D3FD9D /* LZScrollView.m in Sources */,
				18C51EE81C9110F400D422E3 /* AppDelegate.m in Sources */,
				18C51EE51C9110F400D422E3 /* main.m in Sources */,
			);
			runOnlyForDeploymentPostprocessing = 0;
		};
		18C51EF51C9110F400D422E3 /* Sources */ = {
			isa = PBXSourcesBuildPhase;
			buildActionMask = 2147483647;
			files = (
				18C51EFE1C9110F500D422E3 /* AcdseeImageTests.m in Sources */,
			);
			runOnlyForDeploymentPostprocessing = 0;
		};
		18C51F001C9110F500D422E3 /* Sources */ = {
			isa = PBXSourcesBuildPhase;
			buildActionMask = 2147483647;
			files = (
				18C51F091C9110F500D422E3 /* AcdseeImageUITests.m in Sources */,
			);
			runOnlyForDeploymentPostprocessing = 0;
		};
/* End PBXSourcesBuildPhase section */

/* Begin PBXTargetDependency section */
		18C51EFB1C9110F400D422E3 /* PBXTargetDependency */ = {
			isa = PBXTargetDependency;
			target = 18C51EDF1C9110F400D422E3 /* AcdseeImage */;
			targetProxy = 18C51EFA1C9110F400D422E3 /* PBXContainerItemProxy */;
		};
		18C51F061C9110F500D422E3 /* PBXTargetDependency */ = {
			isa = PBXTargetDependency;
			target = 18C51EDF1C9110F400D422E3 /* AcdseeImage */;
			targetProxy = 18C51F051C9110F500D422E3 /* PBXContainerItemProxy */;
		};
/* End PBXTargetDependency section */

/* Begin PBXVariantGroup section */
		18C51EEC1C9110F400D422E3 /* Main.storyboard */ = {
			isa = PBXVariantGroup;
			children = (
				18C51EED1C9110F400D422E3 /* Base */,
			);
			name = Main.storyboard;
			sourceTree = "<group>";
		};
		18C51EF11C9110F400D422E3 /* LaunchScreen.storyboard */ = {
			isa = PBXVariantGroup;
			children = (
				18C51EF21C9110F400D422E3 /* Base */,
			);
			name = LaunchScreen.storyboard;
			sourceTree = "<group>";
		};
/* End PBXVariantGroup section */

/* Begin XCBuildConfiguration section */
		18C51F0B1C9110F500D422E3 /* Debug */ = {
			isa = XCBuildConfiguration;
			buildSettings = {
				ALWAYS_SEARCH_USER_PATHS = NO;
				CLANG_CXX_LANGUAGE_STANDARD = "gnu++0x";
				CLANG_CXX_LIBRARY = "libc++";
				CLANG_ENABLE_MODULES = YES;
				CLANG_ENABLE_OBJC_ARC = YES;
				CLANG_WARN_BOOL_CONVERSION = YES;
				CLANG_WARN_CONSTANT_CONVERSION = YES;
				CLANG_WARN_DIRECT_OBJC_ISA_USAGE = YES_ERROR;
				CLANG_WARN_EMPTY_BODY = YES;
				CLANG_WARN_ENUM_CONVERSION = YES;
				CLANG_WARN_INT_CONVERSION = YES;
				CLANG_WARN_OBJC_ROOT_CLASS = YES_ERROR;
				CLANG_WARN_UNREACHABLE_CODE = YES;
				CLANG_WARN__DUPLICATE_METHOD_MATCH = YES;
				"CODE_SIGN_IDENTITY[sdk=iphoneos*]" = "iPhone Developer";
				COPY_PHASE_STRIP = NO;
				DEBUG_INFORMATION_FORMAT = dwarf;
				ENABLE_STRICT_OBJC_MSGSEND = YES;
				ENABLE_TESTABILITY = YES;
				GCC_C_LANGUAGE_STANDARD = gnu99;
				GCC_DYNAMIC_NO_PIC = NO;
				GCC_NO_COMMON_BLOCKS = YES;
				GCC_OPTIMIZATION_LEVEL = 0;
				GCC_PREPROCESSOR_DEFINITIONS = (
					"DEBUG=1",
					"$(inherited)",
				);
				GCC_WARN_64_TO_32_BIT_CONVERSION = YES;
				GCC_WARN_ABOUT_RETURN_TYPE = YES_ERROR;
				GCC_WARN_UNDECLARED_SELECTOR = YES;
				GCC_WARN_UNINITIALIZED_AUTOS = YES_AGGRESSIVE;
				GCC_WARN_UNUSED_FUNCTION = YES;
				GCC_WARN_UNUSED_VARIABLE = YES;
				IPHONEOS_DEPLOYMENT_TARGET = 9.2;
				MTL_ENABLE_DEBUG_INFO = YES;
				ONLY_ACTIVE_ARCH = YES;
				SDKROOT = iphoneos;
			};
			name = Debug;
		};
		18C51F0C1C9110F500D422E3 /* Release */ = {
			isa = XCBuildConfiguration;
			buildSettings = {
				ALWAYS_SEARCH_USER_PATHS = NO;
				CLANG_CXX_LANGUAGE_STANDARD = "gnu++0x";
				CLANG_CXX_LIBRARY = "libc++";
				CLANG_ENABLE_MODULES = YES;
				CLANG_ENABLE_OBJC_ARC = YES;
				CLANG_WARN_BOOL_CONVERSION = YES;
				CLANG_WARN_CONSTANT_CONVERSION = YES;
				CLANG_WARN_DIRECT_OBJC_ISA_USAGE = YES_ERROR;
				CLANG_WARN_EMPTY_BODY = YES;
				CLANG_WARN_ENUM_CONVERSION = YES;
				CLANG_WARN_INT_CONVERSION = YES;
				CLANG_WARN_OBJC_ROOT_CLASS = YES_ERROR;
				CLANG_WARN_UNREACHABLE_CODE = YES;
				CLANG_WARN__DUPLICATE_METHOD_MATCH = YES;
				"CODE_SIGN_IDENTITY[sdk=iphoneos*]" = "iPhone Developer";
				COPY_PHASE_STRIP = NO;
				DEBUG_INFORMATION_FORMAT = "dwarf-with-dsym";
				ENABLE_NS_ASSERTIONS = NO;
				ENABLE_STRICT_OBJC_MSGSEND = YES;
				GCC_C_LANGUAGE_STANDARD = gnu99;
				GCC_NO_COMMON_BLOCKS = YES;
				GCC_WARN_64_TO_32_BIT_CONVERSION = YES;
				GCC_WARN_ABOUT_RETURN_TYPE = YES_ERROR;
				GCC_WARN_UNDECLARED_SELECTOR = YES;
				GCC_WARN_UNINITIALIZED_AUTOS = YES_AGGRESSIVE;
				GCC_WARN_UNUSED_FUNCTION = YES;
				GCC_WARN_UNUSED_VARIABLE = YES;
				IPHONEOS_DEPLOYMENT_TARGET = 9.2;
				MTL_ENABLE_DEBUG_INFO = NO;
				SDKROOT = iphoneos;
				VALIDATE_PRODUCT = YES;
			};
			name = Release;
		};
		18C51F0E1C9110F500D422E3 /* Debug */ = {
			isa = XCBuildConfiguration;
			baseConfigurationReference = B5FF760985C004493264E356 /* Pods-AcdseeImage.debug.xcconfig */;
			buildSettings = {
				ASSETCATALOG_COMPILER_APPICON_NAME = AppIcon;
				DEVELOPMENT_TEAM = HSYMQ84Q94;
				INFOPLIST_FILE = AcdseeImage/Info.plist;
				LD_RUNPATH_SEARCH_PATHS = "$(inherited) @executable_path/Frameworks";
				PRODUCT_BUNDLE_IDENTIFIER = com.quarks.AcdseeImage;
				PRODUCT_NAME = "$(TARGET_NAME)";
			};
			name = Debug;
		};
		18C51F0F1C9110F500D422E3 /* Release */ = {
			isa = XCBuildConfiguration;
			baseConfigurationReference = 18468271A6DF28BE83773E50 /* Pods-AcdseeImage.release.xcconfig */;
			buildSettings = {
				ASSETCATALOG_COMPILER_APPICON_NAME = AppIcon;
				DEVELOPMENT_TEAM = HSYMQ84Q94;
				INFOPLIST_FILE = AcdseeImage/Info.plist;
				LD_RUNPATH_SEARCH_PATHS = "$(inherited) @executable_path/Frameworks";
				PRODUCT_BUNDLE_IDENTIFIER = com.quarks.AcdseeImage;
				PRODUCT_NAME = "$(TARGET_NAME)";
			};
			name = Release;
		};
		18C51F111C9110F500D422E3 /* Debug */ = {
			isa = XCBuildConfiguration;
			baseConfigurationReference = 8E5FF7B13572FB537F30A1EC /* Pods-AcdseeImageTests.debug.xcconfig */;
			buildSettings = {
				BUNDLE_LOADER = "$(TEST_HOST)";
				INFOPLIST_FILE = AcdseeImageTests/Info.plist;
				LD_RUNPATH_SEARCH_PATHS = "$(inherited) @executable_path/Frameworks @loader_path/Frameworks";
				PRODUCT_BUNDLE_IDENTIFIER = com.quarks.AcdseeImageTests;
				PRODUCT_NAME = "$(TARGET_NAME)";
				TEST_HOST = "$(BUILT_PRODUCTS_DIR)/AcdseeImage.app/AcdseeImage";
			};
			name = Debug;
		};
		18C51F121C9110F500D422E3 /* Release */ = {
			isa = XCBuildConfiguration;
			baseConfigurationReference = DA9E1012B9D985DBEE1AC521 /* Pods-AcdseeImageTests.release.xcconfig */;
			buildSettings = {
				BUNDLE_LOADER = "$(TEST_HOST)";
				INFOPLIST_FILE = AcdseeImageTests/Info.plist;
				LD_RUNPATH_SEARCH_PATHS = "$(inherited) @executable_path/Frameworks @loader_path/Frameworks";
				PRODUCT_BUNDLE_IDENTIFIER = com.quarks.AcdseeImageTests;
				PRODUCT_NAME = "$(TARGET_NAME)";
				TEST_HOST = "$(BUILT_PRODUCTS_DIR)/AcdseeImage.app/AcdseeImage";
			};
			name = Release;
		};
		18C51F141C9110F500D422E3 /* Debug */ = {
			isa = XCBuildConfiguration;
			baseConfigurationReference = BE467ED7E670E8398A824ADE /* Pods-AcdseeImage-AcdseeImageUITests.debug.xcconfig */;
			buildSettings = {
				INFOPLIST_FILE = AcdseeImageUITests/Info.plist;
				LD_RUNPATH_SEARCH_PATHS = "$(inherited) @executable_path/Frameworks @loader_path/Frameworks";
				PRODUCT_BUNDLE_IDENTIFIER = com.quarks.AcdseeImageUITests;
				PRODUCT_NAME = "$(TARGET_NAME)";
				TEST_TARGET_NAME = AcdseeImage;
				USES_XCTRUNNER = YES;
			};
			name = Debug;
		};
		18C51F151C9110F500D422E3 /* Release */ = {
			isa = XCBuildConfiguration;
			baseConfigurationReference = 47310AB7FA445164366289CD /* Pods-AcdseeImage-AcdseeImageUITests.release.xcconfig */;
			buildSettings = {
				INFOPLIST_FILE = AcdseeImageUITests/Info.plist;
				LD_RUNPATH_SEARCH_PATHS = "$(inherited) @executable_path/Frameworks @loader_path/Frameworks";
				PRODUCT_BUNDLE_IDENTIFIER = com.quarks.AcdseeImageUITests;
				PRODUCT_NAME = "$(TARGET_NAME)";
				TEST_TARGET_NAME = AcdseeImage;
				USES_XCTRUNNER = YES;
			};
			name = Release;
		};
/* End XCBuildConfiguration section */

/* Begin XCConfigurationList section */
		18C51EDB1C9110F400D422E3 /* Build configuration list for PBXProject "AcdseeImage" */ = {
			isa = XCConfigurationList;
			buildConfigurations = (
				18C51F0B1C9110F500D422E3 /* Debug */,
				18C51F0C1C9110F500D422E3 /* Release */,
			);
			defaultConfigurationIsVisible = 0;
			defaultConfigurationName = Release;
		};
		18C51F0D1C9110F500D422E3 /* Build configuration list for PBXNativeTarget "AcdseeImage" */ = {
			isa = XCConfigurationList;
			buildConfigurations = (
				18C51F0E1C9110F500D422E3 /* Debug */,
				18C51F0F1C9110F500D422E3 /* Release */,
			);
			defaultConfigurationIsVisible = 0;
			defaultConfigurationName = Release;
		};
		18C51F101C9110F500D422E3 /* Build configuration list for PBXNativeTarget "AcdseeImageTests" */ = {
			isa = XCConfigurationList;
			buildConfigurations = (
				18C51F111C9110F500D422E3 /* Debug */,
				18C51F121C9110F500D422E3 /* Release */,
			);
			defaultConfigurationIsVisible = 0;
			defaultConfigurationName = Release;
		};
		18C51F131C9110F500D422E3 /* Build configuration list for PBXNativeTarget "AcdseeImageUITests" */ = {
			isa = XCConfigurationList;
			buildConfigurations = (
				18C51F141C9110F500D422E3 /* Debug */,
				18C51F151C9110F500D422E3 /* Release */,
			);
			defaultConfigurationIsVisible = 0;
			defaultConfigurationName = Release;
		};
/* End XCConfigurationList section */
	};
	rootObject = 18C51ED81C9110F400D422E3 /* Project object */;
}
